<?xml version="1.0" encoding="utf-8"?>
<Project ToolsVersion="4.0" xmlns="http://schemas.microsoft.com/developer/msbuild/2003">
  <ItemGroup>
    <Filter Include="소스 파일">
      <UniqueIdentifier>{4FC737F1-C7A5-4376-A066-2A32D752A2FF}</UniqueIdentifier>
      <Extensions>cpp;c;cc;cxx;c++;cppm;ixx;def;odl;idl;hpj;bat;asm;asmx</Extensions>
    </Filter>
    <Filter Include="헤더 파일">
      <UniqueIdentifier>{93995380-89BD-4b04-88EB-625FBE52EBFB}</UniqueIdentifier>
      <Extensions>h;hh;hpp;hxx;h++;hm;inl;inc;ipp;xsd</Extensions>
    </Filter>
    <Filter Include="리소스 파일">
      <UniqueIdentifier>{67DA6AB6-F800-4c08-8B7A-83BB121AAD01}</UniqueIdentifier>
      <Extensions>rc;ico;cur;bmp;dlg;rc2;rct;bin;rgs;gif;jpg;jpeg;jpe;resx;tiff;tif;png;wav;mfcribbon-ms</Extensions>
    </Filter>
    <Filter Include="List">
      <UniqueIdentifier>{f0cb1b05-6041-42c5-93bd-ff8f17b2eb2d}</UniqueIdentifier>
    </Filter>
    <Filter Include="Queue">
      <UniqueIdentifier>{1659889c-d4b0-4030-b6b0-545629172a25}</UniqueIdentifier>
    </Filter>
    <Filter Include="Stack">
      <UniqueIdentifier>{f17aaee8-5ac9-4206-b7e2-9a2bdb019ef7}</UniqueIdentifier>
    </Filter>
  </ItemGroup>
  <ItemGroup>
    <ClCompile Include="main.cpp">
      <Filter>소스 파일</Filter>
    </ClCompile>
    <ClCompile Include="Drill.cpp">
      <Filter>소스 파일</Filter>
    </ClCompile>
    <ClCompile Include="CList.cpp">
      <Filter>List</Filter>
    </ClCompile>
    <ClCompile Include="FList.cpp">
      <Filter>List</Filter>
    </ClCompile>
    <ClCompile Include="LFList.cpp">
      <Filter>List</Filter>
    </ClCompile>
    <ClCompile Include="LList.cpp">
      <Filter>List</Filter>
    </ClCompile>
    <ClCompile Include="OList.cpp">
      <Filter>List</Filter>
    </ClCompile>
    <ClCompile Include="SPLList.cpp">
      <Filter>List</Filter>
    </ClCompile>
    <ClCompile Include="CQueue.cpp">
      <Filter>Queue</Filter>
    </ClCompile>
    <ClCompile Include="ebr_lf_queue.cpp">
      <Filter>소스 파일</Filter>
    </ClCompile>
    <ClCompile Include="CStack.cpp">
      <Filter>Stack</Filter>
    </ClCompile>
  </ItemGroup>
  <ItemGroup>
    <ClInclude Include="stdafx.h">
      <Filter>헤더 파일</Filter>
    </ClInclude>
    <ClInclude Include="CList.h">
      <Filter>List</Filter>
    </ClInclude>
    <ClInclude Include="FList.h">
      <Filter>List</Filter>
    </ClInclude>
    <ClInclude Include="LFList.h">
      <Filter>List</Filter>
    </ClInclude>
    <ClInclude Include="LList.h">
      <Filter>List</Filter>
    </ClInclude>
    <ClInclude Include="OList.h">
      <Filter>List</Filter>
    </ClInclude>
    <ClInclude Include="SPLList.h">
      <Filter>List</Filter>
    </ClInclude>
    <ClInclude Include="CQueue.h">
      <Filter>Queue</Filter>
    </ClInclude>
    <ClInclude Include="CStack.h">
      <Filter>Stack</Filter>
    </ClInclude>
  </ItemGroup>
</Project>